// !$*UTF8*$!
{
	archiveVersion = 1;
	classes = {
	};
	objectVersion = 56;
	objects = {

/* Begin PBXBuildFile section */
		C803D8482BB4A86E00086411 /* AdminProfileView.swift in Sources */ = {isa = PBXBuildFile; fileRef = C803D8472BB4A86E00086411 /* AdminProfileView.swift */; };
		C803D84C2BB4B2A100086411 /* AdminTabView.swift in Sources */ = {isa = PBXBuildFile; fileRef = C803D84B2BB4B2A100086411 /* AdminTabView.swift */; };
		C803D8562BB4B5BC00086411 /* DriverTabView.swift in Sources */ = {isa = PBXBuildFile; fileRef = C803D8552BB4B5BC00086411 /* DriverTabView.swift */; };
		C80CE94C2C8218110002D5D4 /* ChatDriverView.swift in Sources */ = {isa = PBXBuildFile; fileRef = C80CE94B2C8218110002D5D4 /* ChatDriverView.swift */; };
		C80CE94E2C82181E0002D5D4 /* ChatAdminView.swift in Sources */ = {isa = PBXBuildFile; fileRef = C80CE94D2C82181E0002D5D4 /* ChatAdminView.swift */; };
		C80CE9502C82183A0002D5D4 /* GoogleService-Info.plist in Resources */ = {isa = PBXBuildFile; fileRef = C80CE94F2C82183A0002D5D4 /* GoogleService-Info.plist */; };
		C80CE9542C8B2ACF0002D5D4 /* FirebaseMessaging in Frameworks */ = {isa = PBXBuildFile; productRef = C80CE9532C8B2ACF0002D5D4 /* FirebaseMessaging */; };
		C80CE9562C8C84620002D5D4 /* CustomTextField.swift in Sources */ = {isa = PBXBuildFile; fileRef = C80CE9552C8C84620002D5D4 /* CustomTextField.swift */; };
		C82DC3E12C3A9915004CE6C8 /* AddressAutocompleteTextField.swift in Sources */ = {isa = PBXBuildFile; fileRef = C82DC3E02C3A9915004CE6C8 /* AddressAutocompleteTextField.swift */; };
		C87D71762C49450E00BCF2C9 /* ZoomControlsView.swift in Sources */ = {isa = PBXBuildFile; fileRef = C87D71752C49450E00BCF2C9 /* ZoomControlsView.swift */; };
		C87D9C432BF65E2A003354F2 /* AlertManager.swift in Sources */ = {isa = PBXBuildFile; fileRef = C87D9C422BF65E2A003354F2 /* AlertManager.swift */; };
		C88CD1DD2C553C05000E9317 /* CityAutocompleteTextField.swift in Sources */ = {isa = PBXBuildFile; fileRef = C88CD1DC2C553C05000E9317 /* CityAutocompleteTextField.swift */; };
		C88F35742BB44B7E00B177F0 /* LogisticApp.swift in Sources */ = {isa = PBXBuildFile; fileRef = C88F35732BB44B7E00B177F0 /* LogisticApp.swift */; };
		C88F35762BB44B7E00B177F0 /* ContentView.swift in Sources */ = {isa = PBXBuildFile; fileRef = C88F35752BB44B7E00B177F0 /* ContentView.swift */; };
		C88F35782BB44B8100B177F0 /* Assets.xcassets in Resources */ = {isa = PBXBuildFile; fileRef = C88F35772BB44B8100B177F0 /* Assets.xcassets */; };
		C88F357B2BB44B8100B177F0 /* Preview Assets.xcassets in Resources */ = {isa = PBXBuildFile; fileRef = C88F357A2BB44B8100B177F0 /* Preview Assets.xcassets */; };
		C88F359F2BB44C6700B177F0 /* FirebaseAnalytics in Frameworks */ = {isa = PBXBuildFile; productRef = C88F359E2BB44C6700B177F0 /* FirebaseAnalytics */; };
		C88F35A12BB44C6700B177F0 /* FirebaseAuth in Frameworks */ = {isa = PBXBuildFile; productRef = C88F35A02BB44C6700B177F0 /* FirebaseAuth */; };
		C88F35A32BB44C6700B177F0 /* FirebaseDatabase in Frameworks */ = {isa = PBXBuildFile; productRef = C88F35A22BB44C6700B177F0 /* FirebaseDatabase */; };
		C88F35A52BB44C6700B177F0 /* FirebaseFirestore in Frameworks */ = {isa = PBXBuildFile; productRef = C88F35A42BB44C6700B177F0 /* FirebaseFirestore */; };
		C88F35A72BB44C6700B177F0 /* FirebaseStorage in Frameworks */ = {isa = PBXBuildFile; productRef = C88F35A62BB44C6700B177F0 /* FirebaseStorage */; };
		C88F35B12BB4550900B177F0 /* RegisterView.swift in Sources */ = {isa = PBXBuildFile; fileRef = C88F35B02BB4550900B177F0 /* RegisterView.swift */; };
		C88F35B32BB45A5200B177F0 /* DriverProfileView.swift in Sources */ = {isa = PBXBuildFile; fileRef = C88F35B22BB45A5200B177F0 /* DriverProfileView.swift */; };
		C8A4A8382BC04CC600164865 /* ChatView.swift in Sources */ = {isa = PBXBuildFile; fileRef = C8A4A8372BC04CC600164865 /* ChatView.swift */; };
		C8BA16A72C73752400DBF4DD /* Validation.swift in Sources */ = {isa = PBXBuildFile; fileRef = C8BA16A62C73752400DBF4DD /* Validation.swift */; };
		C8BA559D2C7D1595009C152A /* OrdersListView.swift in Sources */ = {isa = PBXBuildFile; fileRef = C8BA559C2C7D1595009C152A /* OrdersListView.swift */; };
		C8BA559F2C7D1780009C152A /* AddOrderView.swift in Sources */ = {isa = PBXBuildFile; fileRef = C8BA559E2C7D1780009C152A /* AddOrderView.swift */; };
		C8BA55A12C7D17DC009C152A /* EditOrderView.swift in Sources */ = {isa = PBXBuildFile; fileRef = C8BA55A02C7D17DC009C152A /* EditOrderView.swift */; };
		C8BA55A52C7D1832009C152A /* MapAdminView.swift in Sources */ = {isa = PBXBuildFile; fileRef = C8BA55A42C7D1832009C152A /* MapAdminView.swift */; };
		C8BA55A82C7D1A06009C152A /* FindOrderView.swift in Sources */ = {isa = PBXBuildFile; fileRef = C8BA55A72C7D1A06009C152A /* FindOrderView.swift */; };
		C8BA55AA2C7D1A37009C152A /* FindListView.swift in Sources */ = {isa = PBXBuildFile; fileRef = C8BA55A92C7D1A36009C152A /* FindListView.swift */; };
		C8BA55AE2C7D1A62009C152A /* ActiveOrders.swift in Sources */ = {isa = PBXBuildFile; fileRef = C8BA55AD2C7D1A62009C152A /* ActiveOrders.swift */; };
		C8BA55B02C7D1A99009C152A /* OrderRow.swift in Sources */ = {isa = PBXBuildFile; fileRef = C8BA55AF2C7D1A99009C152A /* OrderRow.swift */; };
		C8BA55B22C7D1ABF009C152A /* MapViewWithOrder.swift in Sources */ = {isa = PBXBuildFile; fileRef = C8BA55B12C7D1ABF009C152A /* MapViewWithOrder.swift */; };
		C8BA55B62C7D1AF7009C152A /* MapViewWithRoute.swift in Sources */ = {isa = PBXBuildFile; fileRef = C8BA55B52C7D1AF7009C152A /* MapViewWithRoute.swift */; };
		C8BA55B82C7E6E3C009C152A /* ChatCard.swift in Sources */ = {isa = PBXBuildFile; fileRef = C8BA55B72C7E6E3C009C152A /* ChatCard.swift */; };
		C8BA55BA2C7E6EE8009C152A /* MessageView.swift in Sources */ = {isa = PBXBuildFile; fileRef = C8BA55B92C7E6EE8009C152A /* MessageView.swift */; };
		C8EAF8D52C755780008659F5 /* ResetPasswordView.swift in Sources */ = {isa = PBXBuildFile; fileRef = C8EAF8D42C755780008659F5 /* ResetPasswordView.swift */; };
		C8EAF8D72C755DCF008659F5 /* UserProfileView.swift in Sources */ = {isa = PBXBuildFile; fileRef = C8EAF8D62C755DCF008659F5 /* UserProfileView.swift */; };
		C8F5AC6B2C3AF86100420675 /* FirebaseModel.swift in Sources */ = {isa = PBXBuildFile; fileRef = C8F5AC6A2C3AF86100420675 /* FirebaseModel.swift */; };
		C8F5CF022C397472003E2E40 /* DaDataService.swift in Sources */ = {isa = PBXBuildFile; fileRef = C8F5CF012C397472003E2E40 /* DaDataService.swift */; };
		C8F5CF042C39750F003E2E40 /* SuggestionsListView.swift in Sources */ = {isa = PBXBuildFile; fileRef = C8F5CF032C39750F003E2E40 /* SuggestionsListView.swift */; };
/* End PBXBuildFile section */

/* Begin PBXContainerItemProxy section */
		C88F35812BB44B8100B177F0 /* PBXContainerItemProxy */ = {
			isa = PBXContainerItemProxy;
			containerPortal = C88F35682BB44B7E00B177F0 /* Project object */;
			proxyType = 1;
			remoteGlobalIDString = C88F356F2BB44B7E00B177F0;
			remoteInfo = Logistic;
		};
		C88F358B2BB44B8100B177F0 /* PBXContainerItemProxy */ = {
			isa = PBXContainerItemProxy;
			containerPortal = C88F35682BB44B7E00B177F0 /* Project object */;
			proxyType = 1;
			remoteGlobalIDString = C88F356F2BB44B7E00B177F0;
			remoteInfo = Logistic;
		};
/* End PBXContainerItemProxy section */

/* Begin PBXFileReference section */
		C803D8472BB4A86E00086411 /* AdminProfileView.swift */ = {isa = PBXFileReference; lastKnownFileType = sourcecode.swift; path = AdminProfileView.swift; sourceTree = "<group>"; };
		C803D84B2BB4B2A100086411 /* AdminTabView.swift */ = {isa = PBXFileReference; lastKnownFileType = sourcecode.swift; path = AdminTabView.swift; sourceTree = "<group>"; };
		C803D8552BB4B5BC00086411 /* DriverTabView.swift */ = {isa = PBXFileReference; lastKnownFileType = sourcecode.swift; path = DriverTabView.swift; sourceTree = "<group>"; };
		C80CE94B2C8218110002D5D4 /* ChatDriverView.swift */ = {isa = PBXFileReference; fileEncoding = 4; lastKnownFileType = sourcecode.swift; name = ChatDriverView.swift; path = "Logistic/View/Chat&MessageView/ChatDriverView.swift"; sourceTree = SOURCE_ROOT; };
		C80CE94D2C82181E0002D5D4 /* ChatAdminView.swift */ = {isa = PBXFileReference; fileEncoding = 4; lastKnownFileType = sourcecode.swift; name = ChatAdminView.swift; path = "Logistic/View/Chat&MessageView/ChatAdminView.swift"; sourceTree = SOURCE_ROOT; };
		C80CE94F2C82183A0002D5D4 /* GoogleService-Info.plist */ = {isa = PBXFileReference; fileEncoding = 4; lastKnownFileType = text.plist.xml; name = "GoogleService-Info.plist"; path = "../../Downloads/GoogleService-Info.plist"; sourceTree = "<group>"; };
		C80CE9552C8C84620002D5D4 /* CustomTextField.swift */ = {isa = PBXFileReference; lastKnownFileType = sourcecode.swift; path = CustomTextField.swift; sourceTree = "<group>"; };
		C82DC3E02C3A9915004CE6C8 /* AddressAutocompleteTextField.swift */ = {isa = PBXFileReference; lastKnownFileType = sourcecode.swift; path = AddressAutocompleteTextField.swift; sourceTree = "<group>"; };
		C87D71752C49450E00BCF2C9 /* ZoomControlsView.swift */ = {isa = PBXFileReference; lastKnownFileType = sourcecode.swift; path = ZoomControlsView.swift; sourceTree = "<group>"; };
		C87D9C422BF65E2A003354F2 /* AlertManager.swift */ = {isa = PBXFileReference; lastKnownFileType = sourcecode.swift; path = AlertManager.swift; sourceTree = "<group>"; };
		C88CD1DC2C553C05000E9317 /* CityAutocompleteTextField.swift */ = {isa = PBXFileReference; lastKnownFileType = sourcecode.swift; path = CityAutocompleteTextField.swift; sourceTree = "<group>"; };
		C88F35702BB44B7E00B177F0 /* Logistic.app */ = {isa = PBXFileReference; explicitFileType = wrapper.application; includeInIndex = 0; path = Logistic.app; sourceTree = BUILT_PRODUCTS_DIR; };
		C88F35732BB44B7E00B177F0 /* LogisticApp.swift */ = {isa = PBXFileReference; lastKnownFileType = sourcecode.swift; path = LogisticApp.swift; sourceTree = "<group>"; };
		C88F35752BB44B7E00B177F0 /* ContentView.swift */ = {isa = PBXFileReference; lastKnownFileType = sourcecode.swift; path = ContentView.swift; sourceTree = "<group>"; };
		C88F35772BB44B8100B177F0 /* Assets.xcassets */ = {isa = PBXFileReference; lastKnownFileType = folder.assetcatalog; path = Assets.xcassets; sourceTree = "<group>"; };
		C88F357A2BB44B8100B177F0 /* Preview Assets.xcassets */ = {isa = PBXFileReference; lastKnownFileType = folder.assetcatalog; path = "Preview Assets.xcassets"; sourceTree = "<group>"; };
		C88F35802BB44B8100B177F0 /* LogisticTests.xctest */ = {isa = PBXFileReference; explicitFileType = wrapper.cfbundle; includeInIndex = 0; path = LogisticTests.xctest; sourceTree = BUILT_PRODUCTS_DIR; };
		C88F358A2BB44B8100B177F0 /* LogisticUITests.xctest */ = {isa = PBXFileReference; explicitFileType = wrapper.cfbundle; includeInIndex = 0; path = LogisticUITests.xctest; sourceTree = BUILT_PRODUCTS_DIR; };
		C88F35B02BB4550900B177F0 /* RegisterView.swift */ = {isa = PBXFileReference; lastKnownFileType = sourcecode.swift; path = RegisterView.swift; sourceTree = "<group>"; };
		C88F35B22BB45A5200B177F0 /* DriverProfileView.swift */ = {isa = PBXFileReference; lastKnownFileType = sourcecode.swift; path = DriverProfileView.swift; sourceTree = "<group>"; };
		C8A4A8372BC04CC600164865 /* ChatView.swift */ = {isa = PBXFileReference; lastKnownFileType = sourcecode.swift; path = ChatView.swift; sourceTree = "<group>"; };
		C8BA16A62C73752400DBF4DD /* Validation.swift */ = {isa = PBXFileReference; lastKnownFileType = sourcecode.swift; path = Validation.swift; sourceTree = "<group>"; };
		C8BA559C2C7D1595009C152A /* OrdersListView.swift */ = {isa = PBXFileReference; lastKnownFileType = sourcecode.swift; path = OrdersListView.swift; sourceTree = "<group>"; };
		C8BA559E2C7D1780009C152A /* AddOrderView.swift */ = {isa = PBXFileReference; lastKnownFileType = sourcecode.swift; path = AddOrderView.swift; sourceTree = "<group>"; };
		C8BA55A02C7D17DC009C152A /* EditOrderView.swift */ = {isa = PBXFileReference; lastKnownFileType = sourcecode.swift; path = EditOrderView.swift; sourceTree = "<group>"; };
		C8BA55A42C7D1832009C152A /* MapAdminView.swift */ = {isa = PBXFileReference; lastKnownFileType = sourcecode.swift; path = MapAdminView.swift; sourceTree = "<group>"; };
		C8BA55A72C7D1A06009C152A /* FindOrderView.swift */ = {isa = PBXFileReference; lastKnownFileType = sourcecode.swift; path = FindOrderView.swift; sourceTree = "<group>"; };
		C8BA55A92C7D1A36009C152A /* FindListView.swift */ = {isa = PBXFileReference; lastKnownFileType = sourcecode.swift; path = FindListView.swift; sourceTree = "<group>"; };
		C8BA55AD2C7D1A62009C152A /* ActiveOrders.swift */ = {isa = PBXFileReference; lastKnownFileType = sourcecode.swift; path = ActiveOrders.swift; sourceTree = "<group>"; };
		C8BA55AF2C7D1A99009C152A /* OrderRow.swift */ = {isa = PBXFileReference; lastKnownFileType = sourcecode.swift; path = OrderRow.swift; sourceTree = "<group>"; };
		C8BA55B12C7D1ABF009C152A /* MapViewWithOrder.swift */ = {isa = PBXFileReference; lastKnownFileType = sourcecode.swift; path = MapViewWithOrder.swift; sourceTree = "<group>"; };
		C8BA55B52C7D1AF7009C152A /* MapViewWithRoute.swift */ = {isa = PBXFileReference; lastKnownFileType = sourcecode.swift; path = MapViewWithRoute.swift; sourceTree = "<group>"; };
		C8BA55B72C7E6E3C009C152A /* ChatCard.swift */ = {isa = PBXFileReference; lastKnownFileType = sourcecode.swift; path = ChatCard.swift; sourceTree = "<group>"; };
		C8BA55B92C7E6EE8009C152A /* MessageView.swift */ = {isa = PBXFileReference; lastKnownFileType = sourcecode.swift; path = MessageView.swift; sourceTree = "<group>"; };
		C8EAF8D42C755780008659F5 /* ResetPasswordView.swift */ = {isa = PBXFileReference; lastKnownFileType = sourcecode.swift; path = ResetPasswordView.swift; sourceTree = "<group>"; };
		C8EAF8D62C755DCF008659F5 /* UserProfileView.swift */ = {isa = PBXFileReference; lastKnownFileType = sourcecode.swift; path = UserProfileView.swift; sourceTree = "<group>"; };
		C8F5AC6A2C3AF86100420675 /* FirebaseModel.swift */ = {isa = PBXFileReference; lastKnownFileType = sourcecode.swift; path = FirebaseModel.swift; sourceTree = "<group>"; };
		C8F5CF012C397472003E2E40 /* DaDataService.swift */ = {isa = PBXFileReference; lastKnownFileType = sourcecode.swift; path = DaDataService.swift; sourceTree = "<group>"; };
		C8F5CF032C39750F003E2E40 /* SuggestionsListView.swift */ = {isa = PBXFileReference; lastKnownFileType = sourcecode.swift; path = SuggestionsListView.swift; sourceTree = "<group>"; };
/* End PBXFileReference section */

/* Begin PBXFrameworksBuildPhase section */
		C88F356D2BB44B7E00B177F0 /* Frameworks */ = {
			isa = PBXFrameworksBuildPhase;
			buildActionMask = 2147483647;
			files = (
				C80CE9542C8B2ACF0002D5D4 /* FirebaseMessaging in Frameworks */,
				C88F35A32BB44C6700B177F0 /* FirebaseDatabase in Frameworks */,
				C88F35A52BB44C6700B177F0 /* FirebaseFirestore in Frameworks */,
				C88F359F2BB44C6700B177F0 /* FirebaseAnalytics in Frameworks */,
				C88F35A72BB44C6700B177F0 /* FirebaseStorage in Frameworks */,
				C88F35A12BB44C6700B177F0 /* FirebaseAuth in Frameworks */,
			);
			runOnlyForDeploymentPostprocessing = 0;
		};
		C88F357D2BB44B8100B177F0 /* Frameworks */ = {
			isa = PBXFrameworksBuildPhase;
			buildActionMask = 2147483647;
			files = (
			);
			runOnlyForDeploymentPostprocessing = 0;
		};
		C88F35872BB44B8100B177F0 /* Frameworks */ = {
			isa = PBXFrameworksBuildPhase;
			buildActionMask = 2147483647;
			files = (
			);
			runOnlyForDeploymentPostprocessing = 0;
		};
/* End PBXFrameworksBuildPhase section */

/* Begin PBXGroup section */
		C803D8442BB49FA500086411 /* View */ = {
			isa = PBXGroup;
			children = (
				C8BA55A62C7D187C009C152A /* Registration */,
				C8A4A83B2BC04DF900164865 /* Chat&MessageView */,
				C803D8452BB4A15900086411 /* AdminView */,
				C803D8462BB4A17000086411 /* DriverView */,
			);
			path = View;
			sourceTree = "<group>";
		};
		C803D8452BB4A15900086411 /* AdminView */ = {
			isa = PBXGroup;
			children = (
				C803D84B2BB4B2A100086411 /* AdminTabView.swift */,
				C8BA559E2C7D1780009C152A /* AddOrderView.swift */,
				C8BA55A02C7D17DC009C152A /* EditOrderView.swift */,
				C8BA55A42C7D1832009C152A /* MapAdminView.swift */,
				C8BA559C2C7D1595009C152A /* OrdersListView.swift */,
			);
			path = AdminView;
			sourceTree = "<group>";
		};
		C803D8462BB4A17000086411 /* DriverView */ = {
			isa = PBXGroup;
			children = (
				C803D8552BB4B5BC00086411 /* DriverTabView.swift */,
				C8BA55AD2C7D1A62009C152A /* ActiveOrders.swift */,
				C8BA55A72C7D1A06009C152A /* FindOrderView.swift */,
				C8BA55A92C7D1A36009C152A /* FindListView.swift */,
				C8BA55B12C7D1ABF009C152A /* MapViewWithOrder.swift */,
				C8BA55B52C7D1AF7009C152A /* MapViewWithRoute.swift */,
				C8BA55AF2C7D1A99009C152A /* OrderRow.swift */,
			);
			path = DriverView;
			sourceTree = "<group>";
		};
		C82DC3E22C3AA1E2004CE6C8 /* DaDataAddress */ = {
			isa = PBXGroup;
			children = (
				C82DC3E02C3A9915004CE6C8 /* AddressAutocompleteTextField.swift */,
				C8F5CF012C397472003E2E40 /* DaDataService.swift */,
				C8F5CF032C39750F003E2E40 /* SuggestionsListView.swift */,
				C88CD1DC2C553C05000E9317 /* CityAutocompleteTextField.swift */,
			);
			path = DaDataAddress;
			sourceTree = "<group>";
		};
		C88F35672BB44B7E00B177F0 = {
			isa = PBXGroup;
			children = (
				C80CE94F2C82183A0002D5D4 /* GoogleService-Info.plist */,
				C88F35722BB44B7E00B177F0 /* Logistic */,
				C88F35712BB44B7E00B177F0 /* Products */,
			);
			sourceTree = "<group>";
		};
		C88F35712BB44B7E00B177F0 /* Products */ = {
			isa = PBXGroup;
			children = (
				C88F35702BB44B7E00B177F0 /* Logistic.app */,
				C88F35802BB44B8100B177F0 /* LogisticTests.xctest */,
				C88F358A2BB44B8100B177F0 /* LogisticUITests.xctest */,
			);
			name = Products;
			sourceTree = "<group>";
		};
		C88F35722BB44B7E00B177F0 /* Logistic */ = {
			isa = PBXGroup;
			children = (
				C803D8442BB49FA500086411 /* View */,
				C88F35732BB44B7E00B177F0 /* LogisticApp.swift */,
				C8EAF8D62C755DCF008659F5 /* UserProfileView.swift */,
				C80CE9552C8C84620002D5D4 /* CustomTextField.swift */,
				C87D9C422BF65E2A003354F2 /* AlertManager.swift */,
				C8F5AC6A2C3AF86100420675 /* FirebaseModel.swift */,
				C87D71752C49450E00BCF2C9 /* ZoomControlsView.swift */,
				C8BA16A62C73752400DBF4DD /* Validation.swift */,
				C82DC3E22C3AA1E2004CE6C8 /* DaDataAddress */,
				C88F35772BB44B8100B177F0 /* Assets.xcassets */,
				C88F35792BB44B8100B177F0 /* Preview Content */,
			);
			path = Logistic;
			sourceTree = "<group>";
		};
		C88F35792BB44B8100B177F0 /* Preview Content */ = {
			isa = PBXGroup;
			children = (
				C88F357A2BB44B8100B177F0 /* Preview Assets.xcassets */,
			);
			path = "Preview Content";
			sourceTree = "<group>";
		};
		C8A4A83B2BC04DF900164865 /* Chat&MessageView */ = {
			isa = PBXGroup;
			children = (
				C8BA55B72C7E6E3C009C152A /* ChatCard.swift */,
				C8A4A8372BC04CC600164865 /* ChatView.swift */,
				C80CE94D2C82181E0002D5D4 /* ChatAdminView.swift */,
				C80CE94B2C8218110002D5D4 /* ChatDriverView.swift */,
				C8BA55B92C7E6EE8009C152A /* MessageView.swift */,
			);
			path = "Chat&MessageView";
			sourceTree = "<group>";
		};
		C8BA55A62C7D187C009C152A /* Registration */ = {
			isa = PBXGroup;
			children = (
				C88F35752BB44B7E00B177F0 /* ContentView.swift */,
				C88F35B02BB4550900B177F0 /* RegisterView.swift */,
				C8EAF8D42C755780008659F5 /* ResetPasswordView.swift */,
				C803D8472BB4A86E00086411 /* AdminProfileView.swift */,
				C88F35B22BB45A5200B177F0 /* DriverProfileView.swift */,
			);
			path = Registration;
			sourceTree = "<group>";
		};
/* End PBXGroup section */

/* Begin PBXNativeTarget section */
		C88F356F2BB44B7E00B177F0 /* Logistic */ = {
			isa = PBXNativeTarget;
			buildConfigurationList = C88F35942BB44B8100B177F0 /* Build configuration list for PBXNativeTarget "Logistic" */;
			buildPhases = (
				C88F356C2BB44B7E00B177F0 /* Sources */,
				C88F356D2BB44B7E00B177F0 /* Frameworks */,
				C88F356E2BB44B7E00B177F0 /* Resources */,
			);
			buildRules = (
			);
			dependencies = (
			);
			name = Logistic;
			packageProductDependencies = (
				C88F359E2BB44C6700B177F0 /* FirebaseAnalytics */,
				C88F35A02BB44C6700B177F0 /* FirebaseAuth */,
				C88F35A22BB44C6700B177F0 /* FirebaseDatabase */,
				C88F35A42BB44C6700B177F0 /* FirebaseFirestore */,
				C88F35A62BB44C6700B177F0 /* FirebaseStorage */,
				C80CE9532C8B2ACF0002D5D4 /* FirebaseMessaging */,
			);
			productName = Logistic;
			productReference = C88F35702BB44B7E00B177F0 /* Logistic.app */;
			productType = "com.apple.product-type.application";
		};
		C88F357F2BB44B8100B177F0 /* LogisticTests */ = {
			isa = PBXNativeTarget;
			buildConfigurationList = C88F35972BB44B8100B177F0 /* Build configuration list for PBXNativeTarget "LogisticTests" */;
			buildPhases = (
				C88F357C2BB44B8100B177F0 /* Sources */,
				C88F357D2BB44B8100B177F0 /* Frameworks */,
				C88F357E2BB44B8100B177F0 /* Resources */,
			);
			buildRules = (
			);
			dependencies = (
				C88F35822BB44B8100B177F0 /* PBXTargetDependency */,
			);
			name = LogisticTests;
			productName = LogisticTests;
			productReference = C88F35802BB44B8100B177F0 /* LogisticTests.xctest */;
			productType = "com.apple.product-type.bundle.unit-test";
		};
		C88F35892BB44B8100B177F0 /* LogisticUITests */ = {
			isa = PBXNativeTarget;
			buildConfigurationList = C88F359A2BB44B8100B177F0 /* Build configuration list for PBXNativeTarget "LogisticUITests" */;
			buildPhases = (
				C88F35862BB44B8100B177F0 /* Sources */,
				C88F35872BB44B8100B177F0 /* Frameworks */,
				C88F35882BB44B8100B177F0 /* Resources */,
			);
			buildRules = (
			);
			dependencies = (
				C88F358C2BB44B8100B177F0 /* PBXTargetDependency */,
			);
			name = LogisticUITests;
			productName = LogisticUITests;
			productReference = C88F358A2BB44B8100B177F0 /* LogisticUITests.xctest */;
			productType = "com.apple.product-type.bundle.ui-testing";
		};
/* End PBXNativeTarget section */

/* Begin PBXProject section */
		C88F35682BB44B7E00B177F0 /* Project object */ = {
			isa = PBXProject;
			attributes = {
				BuildIndependentTargetsInParallel = 1;
				LastSwiftUpdateCheck = 1510;
				LastUpgradeCheck = 1510;
				TargetAttributes = {
					C88F356F2BB44B7E00B177F0 = {
						CreatedOnToolsVersion = 15.1;
					};
					C88F357F2BB44B8100B177F0 = {
						CreatedOnToolsVersion = 15.1;
						TestTargetID = C88F356F2BB44B7E00B177F0;
					};
					C88F35892BB44B8100B177F0 = {
						CreatedOnToolsVersion = 15.1;
						TestTargetID = C88F356F2BB44B7E00B177F0;
					};
				};
			};
			buildConfigurationList = C88F356B2BB44B7E00B177F0 /* Build configuration list for PBXProject "Logistic" */;
			compatibilityVersion = "Xcode 14.0";
			developmentRegion = en;
			hasScannedForEncodings = 0;
			knownRegions = (
				en,
				Base,
			);
			mainGroup = C88F35672BB44B7E00B177F0;
			packageReferences = (
				C88F359D2BB44C6700B177F0 /* XCRemoteSwiftPackageReference "firebase-ios-sdk" */,
			);
			productRefGroup = C88F35712BB44B7E00B177F0 /* Products */;
			projectDirPath = "";
			projectRoot = "";
			targets = (
				C88F356F2BB44B7E00B177F0 /* Logistic */,
				C88F357F2BB44B8100B177F0 /* LogisticTests */,
				C88F35892BB44B8100B177F0 /* LogisticUITests */,
			);
		};
/* End PBXProject section */

/* Begin PBXResourcesBuildPhase section */
		C88F356E2BB44B7E00B177F0 /* Resources */ = {
			isa = PBXResourcesBuildPhase;
			buildActionMask = 2147483647;
			files = (
				C88F357B2BB44B8100B177F0 /* Preview Assets.xcassets in Resources */,
				C88F35782BB44B8100B177F0 /* Assets.xcassets in Resources */,
				C80CE9502C82183A0002D5D4 /* GoogleService-Info.plist in Resources */,
			);
			runOnlyForDeploymentPostprocessing = 0;
		};
		C88F357E2BB44B8100B177F0 /* Resources */ = {
			isa = PBXResourcesBuildPhase;
			buildActionMask = 2147483647;
			files = (
			);
			runOnlyForDeploymentPostprocessing = 0;
		};
		C88F35882BB44B8100B177F0 /* Resources */ = {
			isa = PBXResourcesBuildPhase;
			buildActionMask = 2147483647;
			files = (
			);
			runOnlyForDeploymentPostprocessing = 0;
		};
/* End PBXResourcesBuildPhase section */

/* Begin PBXSourcesBuildPhase section */
		C88F356C2BB44B7E00B177F0 /* Sources */ = {
			isa = PBXSourcesBuildPhase;
			buildActionMask = 2147483647;
			files = (
				C88F35B32BB45A5200B177F0 /* DriverProfileView.swift in Sources */,
				C8EAF8D72C755DCF008659F5 /* UserProfileView.swift in Sources */,
				C803D8482BB4A86E00086411 /* AdminProfileView.swift in Sources */,
				C8F5CF042C39750F003E2E40 /* SuggestionsListView.swift in Sources */,
				C8BA55B82C7E6E3C009C152A /* ChatCard.swift in Sources */,
				C82DC3E12C3A9915004CE6C8 /* AddressAutocompleteTextField.swift in Sources */,
				C87D9C432BF65E2A003354F2 /* AlertManager.swift in Sources */,
				C8BA55B22C7D1ABF009C152A /* MapViewWithOrder.swift in Sources */,
				C8BA55B02C7D1A99009C152A /* OrderRow.swift in Sources */,
				C88F35B12BB4550900B177F0 /* RegisterView.swift in Sources */,
				C8BA16A72C73752400DBF4DD /* Validation.swift in Sources */,
				C8F5AC6B2C3AF86100420675 /* FirebaseModel.swift in Sources */,
				C8BA55BA2C7E6EE8009C152A /* MessageView.swift in Sources */,
				C8BA559F2C7D1780009C152A /* AddOrderView.swift in Sources */,
				C87D71762C49450E00BCF2C9 /* ZoomControlsView.swift in Sources */,
				C8BA55B62C7D1AF7009C152A /* MapViewWithRoute.swift in Sources */,
				C88CD1DD2C553C05000E9317 /* CityAutocompleteTextField.swift in Sources */,
				C8BA55A12C7D17DC009C152A /* EditOrderView.swift in Sources */,
				C80CE94E2C82181E0002D5D4 /* ChatAdminView.swift in Sources */,
				C8BA55A52C7D1832009C152A /* MapAdminView.swift in Sources */,
				C8BA55AA2C7D1A37009C152A /* FindListView.swift in Sources */,
				C8BA55A82C7D1A06009C152A /* FindOrderView.swift in Sources */,
				C8BA55AE2C7D1A62009C152A /* ActiveOrders.swift in Sources */,
				C80CE9562C8C84620002D5D4 /* CustomTextField.swift in Sources */,
				C80CE94C2C8218110002D5D4 /* ChatDriverView.swift in Sources */,
				C803D8562BB4B5BC00086411 /* DriverTabView.swift in Sources */,
				C8F5CF022C397472003E2E40 /* DaDataService.swift in Sources */,
				C8A4A8382BC04CC600164865 /* ChatView.swift in Sources */,
				C88F35762BB44B7E00B177F0 /* ContentView.swift in Sources */,
				C8BA559D2C7D1595009C152A /* OrdersListView.swift in Sources */,
				C88F35742BB44B7E00B177F0 /* LogisticApp.swift in Sources */,
				C803D84C2BB4B2A100086411 /* AdminTabView.swift in Sources */,
				C8EAF8D52C755780008659F5 /* ResetPasswordView.swift in Sources */,
			);
			runOnlyForDeploymentPostprocessing = 0;
		};
		C88F357C2BB44B8100B177F0 /* Sources */ = {
			isa = PBXSourcesBuildPhase;
			buildActionMask = 2147483647;
			files = (
			);
			runOnlyForDeploymentPostprocessing = 0;
		};
		C88F35862BB44B8100B177F0 /* Sources */ = {
			isa = PBXSourcesBuildPhase;
			buildActionMask = 2147483647;
			files = (
			);
			runOnlyForDeploymentPostprocessing = 0;
		};
/* End PBXSourcesBuildPhase section */

/* Begin PBXTargetDependency section */
		C88F35822BB44B8100B177F0 /* PBXTargetDependency */ = {
			isa = PBXTargetDependency;
			target = C88F356F2BB44B7E00B177F0 /* Logistic */;
			targetProxy = C88F35812BB44B8100B177F0 /* PBXContainerItemProxy */;
		};
		C88F358C2BB44B8100B177F0 /* PBXTargetDependency */ = {
			isa = PBXTargetDependency;
			target = C88F356F2BB44B7E00B177F0 /* Logistic */;
			targetProxy = C88F358B2BB44B8100B177F0 /* PBXContainerItemProxy */;
		};
/* End PBXTargetDependency section */

/* Begin XCBuildConfiguration section */
		C88F35922BB44B8100B177F0 /* Debug */ = {
			isa = XCBuildConfiguration;
			buildSettings = {
				ALWAYS_SEARCH_USER_PATHS = NO;
				ASSETCATALOG_COMPILER_GENERATE_SWIFT_ASSET_SYMBOL_EXTENSIONS = YES;
				CLANG_ANALYZER_NONNULL = YES;
				CLANG_ANALYZER_NUMBER_OBJECT_CONVERSION = YES_AGGRESSIVE;
				CLANG_CXX_LANGUAGE_STANDARD = "gnu++20";
				CLANG_ENABLE_MODULES = YES;
				CLANG_ENABLE_OBJC_ARC = YES;
				CLANG_ENABLE_OBJC_WEAK = YES;
				CLANG_WARN_BLOCK_CAPTURE_AUTORELEASING = YES;
				CLANG_WARN_BOOL_CONVERSION = YES;
				CLANG_WARN_COMMA = YES;
				CLANG_WARN_CONSTANT_CONVERSION = YES;
				CLANG_WARN_DEPRECATED_OBJC_IMPLEMENTATIONS = YES;
				CLANG_WARN_DIRECT_OBJC_ISA_USAGE = YES_ERROR;
				CLANG_WARN_DOCUMENTATION_COMMENTS = YES;
				CLANG_WARN_EMPTY_BODY = YES;
				CLANG_WARN_ENUM_CONVERSION = YES;
				CLANG_WARN_INFINITE_RECURSION = YES;
				CLANG_WARN_INT_CONVERSION = YES;
				CLANG_WARN_NON_LITERAL_NULL_CONVERSION = YES;
				CLANG_WARN_OBJC_IMPLICIT_RETAIN_SELF = YES;
				CLANG_WARN_OBJC_LITERAL_CONVERSION = YES;
				CLANG_WARN_OBJC_ROOT_CLASS = YES_ERROR;
				CLANG_WARN_QUOTED_INCLUDE_IN_FRAMEWORK_HEADER = YES;
				CLANG_WARN_RANGE_LOOP_ANALYSIS = YES;
				CLANG_WARN_STRICT_PROTOTYPES = YES;
				CLANG_WARN_SUSPICIOUS_MOVE = YES;
				CLANG_WARN_UNGUARDED_AVAILABILITY = YES_AGGRESSIVE;
				CLANG_WARN_UNREACHABLE_CODE = YES;
				CLANG_WARN__DUPLICATE_METHOD_MATCH = YES;
				COPY_PHASE_STRIP = NO;
				DEBUG_INFORMATION_FORMAT = dwarf;
				ENABLE_STRICT_OBJC_MSGSEND = YES;
				ENABLE_TESTABILITY = YES;
				ENABLE_USER_SCRIPT_SANDBOXING = YES;
				GCC_C_LANGUAGE_STANDARD = gnu17;
				GCC_DYNAMIC_NO_PIC = NO;
				GCC_NO_COMMON_BLOCKS = YES;
				GCC_OPTIMIZATION_LEVEL = 0;
				GCC_PREPROCESSOR_DEFINITIONS = (
					"DEBUG=1",
					"$(inherited)",
				);
				GCC_WARN_64_TO_32_BIT_CONVERSION = YES;
				GCC_WARN_ABOUT_RETURN_TYPE = YES_ERROR;
				GCC_WARN_UNDECLARED_SELECTOR = YES;
				GCC_WARN_UNINITIALIZED_AUTOS = YES_AGGRESSIVE;
				GCC_WARN_UNUSED_FUNCTION = YES;
				GCC_WARN_UNUSED_VARIABLE = YES;
				IPHONEOS_DEPLOYMENT_TARGET = 17.2;
				LOCALIZATION_PREFERS_STRING_CATALOGS = YES;
				MTL_ENABLE_DEBUG_INFO = INCLUDE_SOURCE;
				MTL_FAST_MATH = YES;
				ONLY_ACTIVE_ARCH = YES;
				SDKROOT = iphoneos;
				SWIFT_ACTIVE_COMPILATION_CONDITIONS = "DEBUG $(inherited)";
				SWIFT_OPTIMIZATION_LEVEL = "-Onone";
			};
			name = Debug;
		};
		C88F35932BB44B8100B177F0 /* Release */ = {
			isa = XCBuildConfiguration;
			buildSettings = {
				ALWAYS_SEARCH_USER_PATHS = NO;
				ASSETCATALOG_COMPILER_GENERATE_SWIFT_ASSET_SYMBOL_EXTENSIONS = YES;
				CLANG_ANALYZER_NONNULL = YES;
				CLANG_ANALYZER_NUMBER_OBJECT_CONVERSION = YES_AGGRESSIVE;
				CLANG_CXX_LANGUAGE_STANDARD = "gnu++20";
				CLANG_ENABLE_MODULES = YES;
				CLANG_ENABLE_OBJC_ARC = YES;
				CLANG_ENABLE_OBJC_WEAK = YES;
				CLANG_WARN_BLOCK_CAPTURE_AUTORELEASING = YES;
				CLANG_WARN_BOOL_CONVERSION = YES;
				CLANG_WARN_COMMA = YES;
				CLANG_WARN_CONSTANT_CONVERSION = YES;
				CLANG_WARN_DEPRECATED_OBJC_IMPLEMENTATIONS = YES;
				CLANG_WARN_DIRECT_OBJC_ISA_USAGE = YES_ERROR;
				CLANG_WARN_DOCUMENTATION_COMMENTS = YES;
				CLANG_WARN_EMPTY_BODY = YES;
				CLANG_WARN_ENUM_CONVERSION = YES;
				CLANG_WARN_INFINITE_RECURSION = YES;
				CLANG_WARN_INT_CONVERSION = YES;
				CLANG_WARN_NON_LITERAL_NULL_CONVERSION = YES;
				CLANG_WARN_OBJC_IMPLICIT_RETAIN_SELF = YES;
				CLANG_WARN_OBJC_LITERAL_CONVERSION = YES;
				CLANG_WARN_OBJC_ROOT_CLASS = YES_ERROR;
				CLANG_WARN_QUOTED_INCLUDE_IN_FRAMEWORK_HEADER = YES;
				CLANG_WARN_RANGE_LOOP_ANALYSIS = YES;
				CLANG_WARN_STRICT_PROTOTYPES = YES;
				CLANG_WARN_SUSPICIOUS_MOVE = YES;
				CLANG_WARN_UNGUARDED_AVAILABILITY = YES_AGGRESSIVE;
				CLANG_WARN_UNREACHABLE_CODE = YES;
				CLANG_WARN__DUPLICATE_METHOD_MATCH = YES;
				COPY_PHASE_STRIP = NO;
				DEBUG_INFORMATION_FORMAT = "dwarf-with-dsym";
				ENABLE_NS_ASSERTIONS = NO;
				ENABLE_STRICT_OBJC_MSGSEND = YES;
				ENABLE_USER_SCRIPT_SANDBOXING = YES;
				GCC_C_LANGUAGE_STANDARD = gnu17;
				GCC_NO_COMMON_BLOCKS = YES;
				GCC_WARN_64_TO_32_BIT_CONVERSION = YES;
				GCC_WARN_ABOUT_RETURN_TYPE = YES_ERROR;
				GCC_WARN_UNDECLARED_SELECTOR = YES;
				GCC_WARN_UNINITIALIZED_AUTOS = YES_AGGRESSIVE;
				GCC_WARN_UNUSED_FUNCTION = YES;
				GCC_WARN_UNUSED_VARIABLE = YES;
				IPHONEOS_DEPLOYMENT_TARGET = 17.2;
				LOCALIZATION_PREFERS_STRING_CATALOGS = YES;
				MTL_ENABLE_DEBUG_INFO = NO;
				MTL_FAST_MATH = YES;
				SDKROOT = iphoneos;
				SWIFT_COMPILATION_MODE = wholemodule;
				VALIDATE_PRODUCT = YES;
			};
			name = Release;
		};
		C88F35952BB44B8100B177F0 /* Debug */ = {
			isa = XCBuildConfiguration;
			buildSettings = {
				ASSETCATALOG_COMPILER_APPICON_NAME = AppIcon;
				ASSETCATALOG_COMPILER_GLOBAL_ACCENT_COLOR_NAME = AccentColor;
				CODE_SIGN_STYLE = Automatic;
				CURRENT_PROJECT_VERSION = 1;
				DEVELOPMENT_ASSET_PATHS = "\"Logistic/Preview Content\"";
				DEVELOPMENT_TEAM = V57D4APK6P;
				ENABLE_PREVIEWS = YES;
				GENERATE_INFOPLIST_FILE = YES;
				INFOPLIST_KEY_NSLocationAlwaysAndWhenInUseUsageDescription = "GPS Two";
				INFOPLIST_KEY_NSLocationWhenInUseUsageDescription = "GPS ";
				INFOPLIST_KEY_UIApplicationSceneManifest_Generation = YES;
				INFOPLIST_KEY_UIApplicationSupportsIndirectInputEvents = YES;
				INFOPLIST_KEY_UILaunchScreen_Generation = YES;
				INFOPLIST_KEY_UISupportedInterfaceOrientations_iPad = "UIInterfaceOrientationPortrait UIInterfaceOrientationPortraitUpsideDown UIInterfaceOrientationLandscapeLeft UIInterfaceOrientationLandscapeRight";
				INFOPLIST_KEY_UISupportedInterfaceOrientations_iPhone = "UIInterfaceOrientationPortrait UIInterfaceOrientationLandscapeLeft UIInterfaceOrientationLandscapeRight";
				LD_RUNPATH_SEARCH_PATHS = (
					"$(inherited)",
					"@executable_path/Frameworks",
				);
				MARKETING_VERSION = 1.0;
				PRODUCT_BUNDLE_IDENTIFIER = None.Logistic;
				PRODUCT_NAME = "$(TARGET_NAME)";
				SWIFT_EMIT_LOC_STRINGS = YES;
				SWIFT_VERSION = 5.0;
				TARGETED_DEVICE_FAMILY = "1,2";
			};
			name = Debug;
		};
		C88F35962BB44B8100B177F0 /* Release */ = {
			isa = XCBuildConfiguration;
			buildSettings = {
				ASSETCATALOG_COMPILER_APPICON_NAME = AppIcon;
				ASSETCATALOG_COMPILER_GLOBAL_ACCENT_COLOR_NAME = AccentColor;
				CODE_SIGN_STYLE = Automatic;
				CURRENT_PROJECT_VERSION = 1;
				DEVELOPMENT_ASSET_PATHS = "\"Logistic/Preview Content\"";
				DEVELOPMENT_TEAM = V57D4APK6P;
				ENABLE_PREVIEWS = YES;
				GENERATE_INFOPLIST_FILE = YES;
				INFOPLIST_KEY_NSLocationAlwaysAndWhenInUseUsageDescription = "GPS Two";
				INFOPLIST_KEY_NSLocationWhenInUseUsageDescription = "GPS ";
				INFOPLIST_KEY_UIApplicationSceneManifest_Generation = YES;
				INFOPLIST_KEY_UIApplicationSupportsIndirectInputEvents = YES;
				INFOPLIST_KEY_UILaunchScreen_Generation = YES;
				INFOPLIST_KEY_UISupportedInterfaceOrientations_iPad = "UIInterfaceOrientationPortrait UIInterfaceOrientationPortraitUpsideDown UIInterfaceOrientationLandscapeLeft UIInterfaceOrientationLandscapeRight";
				INFOPLIST_KEY_UISupportedInterfaceOrientations_iPhone = "UIInterfaceOrientationPortrait UIInterfaceOrientationLandscapeLeft UIInterfaceOrientationLandscapeRight";
				LD_RUNPATH_SEARCH_PATHS = (
					"$(inherited)",
					"@executable_path/Frameworks",
				);
				MARKETING_VERSION = 1.0;
				PRODUCT_BUNDLE_IDENTIFIER = None.Logistic;
				PRODUCT_NAME = "$(TARGET_NAME)";
				SWIFT_EMIT_LOC_STRINGS = YES;
				SWIFT_VERSION = 5.0;
				TARGETED_DEVICE_FAMILY = "1,2";
			};
			name = Release;
		};
		C88F35982BB44B8100B177F0 /* Debug */ = {
			isa = XCBuildConfiguration;
			buildSettings = {
				ALWAYS_EMBED_SWIFT_STANDARD_LIBRARIES = YES;
				BUNDLE_LOADER = "$(TEST_HOST)";
				CODE_SIGN_STYLE = Automatic;
				CURRENT_PROJECT_VERSION = 1;
				DEVELOPMENT_TEAM = V57D4APK6P;
				GENERATE_INFOPLIST_FILE = YES;
				IPHONEOS_DEPLOYMENT_TARGET = 17.2;
				MARKETING_VERSION = 1.0;
				PRODUCT_BUNDLE_IDENTIFIER = None.LogisticTests;
				PRODUCT_NAME = "$(TARGET_NAME)";
				SWIFT_EMIT_LOC_STRINGS = NO;
				SWIFT_VERSION = 5.0;
				TARGETED_DEVICE_FAMILY = "1,2";
				TEST_HOST = "$(BUILT_PRODUCTS_DIR)/Logistic.app/$(BUNDLE_EXECUTABLE_FOLDER_PATH)/Logistic";
			};
			name = Debug;
		};
		C88F35992BB44B8100B177F0 /* Release */ = {
			isa = XCBuildConfiguration;
			buildSettings = {
				ALWAYS_EMBED_SWIFT_STANDARD_LIBRARIES = YES;
				BUNDLE_LOADER = "$(TEST_HOST)";
				CODE_SIGN_STYLE = Automatic;
				CURRENT_PROJECT_VERSION = 1;
				DEVELOPMENT_TEAM = V57D4APK6P;
				GENERATE_INFOPLIST_FILE = YES;
				IPHONEOS_DEPLOYMENT_TARGET = 17.2;
				MARKETING_VERSION = 1.0;
				PRODUCT_BUNDLE_IDENTIFIER = None.LogisticTests;
				PRODUCT_NAME = "$(TARGET_NAME)";
				SWIFT_EMIT_LOC_STRINGS = NO;
				SWIFT_VERSION = 5.0;
				TARGETED_DEVICE_FAMILY = "1,2";
				TEST_HOST = "$(BUILT_PRODUCTS_DIR)/Logistic.app/$(BUNDLE_EXECUTABLE_FOLDER_PATH)/Logistic";
			};
			name = Release;
		};
		C88F359B2BB44B8100B177F0 /* Debug */ = {
			isa = XCBuildConfiguration;
			buildSettings = {
				ALWAYS_EMBED_SWIFT_STANDARD_LIBRARIES = YES;
				CODE_SIGN_STYLE = Automatic;
				CURRENT_PROJECT_VERSION = 1;
				DEVELOPMENT_TEAM = V57D4APK6P;
				GENERATE_INFOPLIST_FILE = YES;
				MARKETING_VERSION = 1.0;
				PRODUCT_BUNDLE_IDENTIFIER = None.LogisticUITests;
				PRODUCT_NAME = "$(TARGET_NAME)";
				SWIFT_EMIT_LOC_STRINGS = NO;
				SWIFT_VERSION = 5.0;
				TARGETED_DEVICE_FAMILY = "1,2";
				TEST_TARGET_NAME = Logistic;
			};
			name = Debug;
		};
		C88F359C2BB44B8100B177F0 /* Release */ = {
			isa = XCBuildConfiguration;
			buildSettings = {
				ALWAYS_EMBED_SWIFT_STANDARD_LIBRARIES = YES;
				CODE_SIGN_STYLE = Automatic;
				CURRENT_PROJECT_VERSION = 1;
				DEVELOPMENT_TEAM = V57D4APK6P;
				GENERATE_INFOPLIST_FILE = YES;
				MARKETING_VERSION = 1.0;
				PRODUCT_BUNDLE_IDENTIFIER = None.LogisticUITests;
				PRODUCT_NAME = "$(TARGET_NAME)";
				SWIFT_EMIT_LOC_STRINGS = NO;
				SWIFT_VERSION = 5.0;
				TARGETED_DEVICE_FAMILY = "1,2";
				TEST_TARGET_NAME = Logistic;
			};
			name = Release;
		};
/* End XCBuildConfiguration section */

/* Begin XCConfigurationList section */
		C88F356B2BB44B7E00B177F0 /* Build configuration list for PBXProject "Logistic" */ = {
			isa = XCConfigurationList;
			buildConfigurations = (
				C88F35922BB44B8100B177F0 /* Debug */,
				C88F35932BB44B8100B177F0 /* Release */,
			);
			defaultConfigurationIsVisible = 0;
			defaultConfigurationName = Release;
		};
		C88F35942BB44B8100B177F0 /* Build configuration list for PBXNativeTarget "Logistic" */ = {
			isa = XCConfigurationList;
			buildConfigurations = (
				C88F35952BB44B8100B177F0 /* Debug */,
				C88F35962BB44B8100B177F0 /* Release */,
			);
			defaultConfigurationIsVisible = 0;
			defaultConfigurationName = Release;
		};
		C88F35972BB44B8100B177F0 /* Build configuration list for PBXNativeTarget "LogisticTests" */ = {
			isa = XCConfigurationList;
			buildConfigurations = (
				C88F35982BB44B8100B177F0 /* Debug */,
				C88F35992BB44B8100B177F0 /* Release */,
			);
			defaultConfigurationIsVisible = 0;
			defaultConfigurationName = Release;
		};
		C88F359A2BB44B8100B177F0 /* Build configuration list for PBXNativeTarget "LogisticUITests" */ = {
			isa = XCConfigurationList;
			buildConfigurations = (
				C88F359B2BB44B8100B177F0 /* Debug */,
				C88F359C2BB44B8100B177F0 /* Release */,
			);
			defaultConfigurationIsVisible = 0;
			defaultConfigurationName = Release;
		};
/* End XCConfigurationList section */

/* Begin XCRemoteSwiftPackageReference section */
		C88F359D2BB44C6700B177F0 /* XCRemoteSwiftPackageReference "firebase-ios-sdk" */ = {
			isa = XCRemoteSwiftPackageReference;
			repositoryURL = "https://github.com/firebase/firebase-ios-sdk.git";
			requirement = {
				kind = upToNextMajorVersion;
				minimumVersion = 10.23.0;
			};
		};
/* End XCRemoteSwiftPackageReference section */

/* Begin XCSwiftPackageProductDependency section */
		C80CE9532C8B2ACF0002D5D4 /* FirebaseMessaging */ = {
			isa = XCSwiftPackageProductDependency;
			package = C88F359D2BB44C6700B177F0 /* XCRemoteSwiftPackageReference "firebase-ios-sdk" */;
			productName = FirebaseMessaging;
		};
		C88F359E2BB44C6700B177F0 /* FirebaseAnalytics */ = {
			isa = XCSwiftPackageProductDependency;
			package = C88F359D2BB44C6700B177F0 /* XCRemoteSwiftPackageReference "firebase-ios-sdk" */;
			productName = FirebaseAnalytics;
		};
		C88F35A02BB44C6700B177F0 /* FirebaseAuth */ = {
			isa = XCSwiftPackageProductDependency;
			package = C88F359D2BB44C6700B177F0 /* XCRemoteSwiftPackageReference "firebase-ios-sdk" */;
			productName = FirebaseAuth;
		};
		C88F35A22BB44C6700B177F0 /* FirebaseDatabase */ = {
			isa = XCSwiftPackageProductDependency;
			package = C88F359D2BB44C6700B177F0 /* XCRemoteSwiftPackageReference "firebase-ios-sdk" */;
			productName = FirebaseDatabase;
		};
		C88F35A42BB44C6700B177F0 /* FirebaseFirestore */ = {
			isa = XCSwiftPackageProductDependency;
			package = C88F359D2BB44C6700B177F0 /* XCRemoteSwiftPackageReference "firebase-ios-sdk" */;
			productName = FirebaseFirestore;
		};
		C88F35A62BB44C6700B177F0 /* FirebaseStorage */ = {
			isa = XCSwiftPackageProductDependency;
			package = C88F359D2BB44C6700B177F0 /* XCRemoteSwiftPackageReference "firebase-ios-sdk" */;
			productName = FirebaseStorage;
		};
/* End XCSwiftPackageProductDependency section */
	};
	rootObject = C88F35682BB44B7E00B177F0 /* Project object */;
}
